
Microsoft Visual Studio Solution File, Format Version 12.00
# Visual Studio Version 17
VisualStudioVersion = 17.8.34112.27
MinimumVisualStudioVersion = 10.0.40219.1
Project("{9A19103F-16F7-4668-BE54-9A1E7A4F7556}") = "Lab3", "Lab3\Lab3.csproj", "{EBF238BC-775C-4CFE-92E1-D4D55B677FED}"
EndProject
Global
	GlobalSection(SolutionConfigurationPlatforms) = preSolution
		Debug|Any CPU = Debug|Any CPU
		Release|Any CPU = Release|Any CPU
	EndGlobalSection
	GlobalSection(ProjectConfigurationPlatforms) = postSolution
		{EBF238BC-775C-4CFE-92E1-D4D55B677FED}.Debug|Any CPU.ActiveCfg = Debug|Any CPU
		{EBF238BC-775C-4CFE-92E1-D4D55B677FED}.Debug|Any CPU.Build.0 = Debug|Any CPU
		{EBF238BC-775C-4CFE-92E1-D4D55B677FED}.Release|Any CPU.ActiveCfg = Release|Any CPU
		{EBF238BC-775C-4CFE-92E1-D4D55B677FED}.Release|Any CPU.Build.0 = Release|Any CPU
	EndGlobalSection
	GlobalSection(SolutionProperties) = preSolution
		HideSolutionNode = FALSE
	EndGlobalSection
	GlobalSection(ExtensibilityGlobals) = postSolution
		SolutionGuid = {74453086-8E48-434E-B9E4-5999EF87C734}
	EndGlobalSection
EndGlobal
